Microsoft Visual Studio Solution File, Format Version 12.00
# Visual Studio Version 17
VisualStudioVersion = 17.13.35825.156
MinimumVisualStudioVersion = 10.0.40219.1
Project("{FAE04EC0-301F-11D3-BF4B-00C04F79EFBC}") = "Serbest_Dusme_Deneme1", "Serbest_Dusme_Deneme1\Serbest_Dusme_Deneme1.csproj", "{AE305DFC-1579-4CD0-A684-B1197D17FE69}"
EndProject
Global
	GlobalSection(SolutionConfigurationPlatforms) = preSolution
		Debug|Any CPU = Debug|Any CPU
		Release|Any CPU = Release|Any CPU
	EndGlobalSection
	GlobalSection(ProjectConfigurationPlatforms) = postSolution
		{AE305DFC-1579-4CD0-A684-B1197D17FE69}.Debug|Any CPU.ActiveCfg = Debug|Any CPU
		{AE305DFC-1579-4CD0-A684-B1197D17FE69}.Debug|Any CPU.Build.0 = Debug|Any CPU
		{AE305DFC-1579-4CD0-A684-B1197D17FE69}.Release|Any CPU.ActiveCfg = Release|Any CPU
		{AE305DFC-1579-4CD0-A684-B1197D17FE69}.Release|Any CPU.Build.0 = Release|Any CPU
	EndGlobalSection
	GlobalSection(SolutionProperties) = preSolution
		HideSolutionNode = FALSE
	EndGlobalSection
	GlobalSection(ExtensibilityGlobals) = postSolution
		SolutionGuid = {B479E685-ECA0-45AD-A69C-DA328A953C27}
	EndGlobalSection
EndGlobal
